// !$*UTF8*$!
{
	archiveVersion = 1;
	classes = {
	};
	objectVersion = 77;
	objects = {

/* Begin PBXBuildFile section */
		6061341D2D51401D0092E333 /* XCTest.framework in Frameworks */ = {isa = PBXBuildFile; fileRef = 6061341C2D51401D0092E333 /* XCTest.framework */; platformFilter = ios; };
		6061341E2D5140220092E333 /* XCTest.framework in Frameworks */ = {isa = PBXBuildFile; fileRef = 6061341C2D51401D0092E333 /* XCTest.framework */; platformFilter = ios; };
		606134202D5140B70092E333 /* XCTest.framework in Sources */ = {isa = PBXBuildFile; fileRef = 6061341C2D51401D0092E333 /* XCTest.framework */; platformFilter = ios; };
		606134232D5140DD0092E333 /* XCTest.framework in Sources */ = {isa = PBXBuildFile; fileRef = 6061341C2D51401D0092E333 /* XCTest.framework */; platformFilter = ios; };
/* End PBXBuildFile section */

/* Begin PBXContainerItemProxy section */
		603B2ECE2D513ADD002A53F8 /* PBXContainerItemProxy */ = {
			isa = PBXContainerItemProxy;
			containerPortal = 603B2EB52D513ADB002A53F8 /* Project object */;
			proxyType = 1;
			remoteGlobalIDString = 603B2EBC2D513ADB002A53F8;
			remoteInfo = CatBrowser;
		};
		603B2ED82D513ADD002A53F8 /* PBXContainerItemProxy */ = {
			isa = PBXContainerItemProxy;
			containerPortal = 603B2EB52D513ADB002A53F8 /* Project object */;
			proxyType = 1;
			remoteGlobalIDString = 603B2EBC2D513ADB002A53F8;
			remoteInfo = CatBrowser;
		};
/* End PBXContainerItemProxy section */

/* Begin PBXFileReference section */
		603B2EBD2D513ADB002A53F8 /* CatBrowser.app */ = {isa = PBXFileReference; explicitFileType = wrapper.application; includeInIndex = 0; path = CatBrowser.app; sourceTree = BUILT_PRODUCTS_DIR; };
		603B2ECD2D513ADD002A53F8 /* CatBrowserTests.xctest */ = {isa = PBXFileReference; explicitFileType = wrapper.cfbundle; includeInIndex = 0; path = CatBrowserTests.xctest; sourceTree = BUILT_PRODUCTS_DIR; };
		603B2ED72D513ADD002A53F8 /* CatBrowserUITests.xctest */ = {isa = PBXFileReference; explicitFileType = wrapper.cfbundle; includeInIndex = 0; path = CatBrowserUITests.xctest; sourceTree = BUILT_PRODUCTS_DIR; };
		6061341C2D51401D0092E333 /* XCTest.framework */ = {isa = PBXFileReference; lastKnownFileType = wrapper.framework; name = XCTest.framework; path = Platforms/iPhoneOS.platform/Developer/Library/Frameworks/XCTest.framework; sourceTree = DEVELOPER_DIR; };
/* End PBXFileReference section */

/* Begin PBXFileSystemSynchronizedBuildFileExceptionSet section */
		606134052D513DDD0092E333 /* Exceptions for "CatBrowser" folder in "CatBrowser" target */ = {
			isa = PBXFileSystemSynchronizedBuildFileExceptionSet;
			membershipExceptions = (
				Tests/CatBrowserTests/CatViewModelTests.swift,
				Tests/CatBrowserUITests/CatBrowserUITests.swift,
				Tests/CatBrowserUITests/CatBrowserUITestsLaunchTests.swift,
			);
			target = 603B2EBC2D513ADB002A53F8 /* CatBrowser */;
		};
		6061340C2D513DE00092E333 /* Exceptions for "CatBrowser" folder in "CatBrowserUITests" target */ = {
			isa = PBXFileSystemSynchronizedBuildFileExceptionSet;
			membershipExceptions = (
				Tests/CatBrowserUITests/CatBrowserUITests.swift,
				Tests/CatBrowserUITests/CatBrowserUITestsLaunchTests.swift,
			);
			target = 603B2ED62D513ADD002A53F8 /* CatBrowserUITests */;
		};
		606134222D5140CD0092E333 /* Exceptions for "CatBrowser" folder in "CatBrowserTests" target */ = {
			isa = PBXFileSystemSynchronizedBuildFileExceptionSet;
			membershipExceptions = (
				Tests/CatBrowserTests/CatViewModelTests.swift,
			);
			target = 603B2ECC2D513ADD002A53F8 /* CatBrowserTests */;
		};
/* End PBXFileSystemSynchronizedBuildFileExceptionSet section */

/* Begin PBXFileSystemSynchronizedRootGroup section */
		603B2EBF2D513ADC002A53F8 /* CatBrowser */ = {
			isa = PBXFileSystemSynchronizedRootGroup;
			exceptions = (
				606134052D513DDD0092E333 /* Exceptions for "CatBrowser" folder in "CatBrowser" target */,
				606134222D5140CD0092E333 /* Exceptions for "CatBrowser" folder in "CatBrowserTests" target */,
				6061340C2D513DE00092E333 /* Exceptions for "CatBrowser" folder in "CatBrowserUITests" target */,
			);
			path = CatBrowser;
			sourceTree = "<group>";
		};
/* End PBXFileSystemSynchronizedRootGroup section */

/* Begin PBXFrameworksBuildPhase section */
		603B2EBA2D513ADB002A53F8 /* Frameworks */ = {
			isa = PBXFrameworksBuildPhase;
			buildActionMask = 2147483647;
			files = (
			);
			runOnlyForDeploymentPostprocessing = 0;
		};
		603B2ECA2D513ADD002A53F8 /* Frameworks */ = {
			isa = PBXFrameworksBuildPhase;
			buildActionMask = 2147483647;
			files = (
				6061341D2D51401D0092E333 /* XCTest.framework in Frameworks */,
			);
			runOnlyForDeploymentPostprocessing = 0;
		};
		603B2ED42D513ADD002A53F8 /* Frameworks */ = {
			isa = PBXFrameworksBuildPhase;
			buildActionMask = 2147483647;
			files = (
				6061341E2D5140220092E333 /* XCTest.framework in Frameworks */,
			);
			runOnlyForDeploymentPostprocessing = 0;
		};
/* End PBXFrameworksBuildPhase section */

/* Begin PBXGroup section */
		603B2EB42D513ADB002A53F8 = {
			isa = PBXGroup;
			children = (
				603B2EBF2D513ADC002A53F8 /* CatBrowser */,
				6061341B2D51401D0092E333 /* Frameworks */,
				603B2EBE2D513ADB002A53F8 /* Products */,
			);
			sourceTree = "<group>";
		};
		603B2EBE2D513ADB002A53F8 /* Products */ = {
			isa = PBXGroup;
			children = (
				603B2EBD2D513ADB002A53F8 /* CatBrowser.app */,
				603B2ECD2D513ADD002A53F8 /* CatBrowserTests.xctest */,
				603B2ED72D513ADD002A53F8 /* CatBrowserUITests.xctest */,
			);
			name = Products;
			sourceTree = "<group>";
		};
		6061341B2D51401D0092E333 /* Frameworks */ = {
			isa = PBXGroup;
			children = (
				6061341C2D51401D0092E333 /* XCTest.framework */,
			);
			name = Frameworks;
			sourceTree = "<group>";
		};
/* End PBXGroup section */

/* Begin PBXNativeTarget section */
		603B2EBC2D513ADB002A53F8 /* CatBrowser */ = {
			isa = PBXNativeTarget;
			buildConfigurationList = 603B2EE12D513ADD002A53F8 /* Build configuration list for PBXNativeTarget "CatBrowser" */;
			buildPhases = (
				603B2EB92D513ADB002A53F8 /* Sources */,
				603B2EBA2D513ADB002A53F8 /* Frameworks */,
				603B2EBB2D513ADB002A53F8 /* Resources */,
			);
			buildRules = (
			);
			dependencies = (
			);
			fileSystemSynchronizedGroups = (
				603B2EBF2D513ADC002A53F8 /* CatBrowser */,
			);
			name = CatBrowser;
			packageProductDependencies = (
			);
			productName = CatBrowser;
			productReference = 603B2EBD2D513ADB002A53F8 /* CatBrowser.app */;
			productType = "com.apple.product-type.application";
		};
		603B2ECC2D513ADD002A53F8 /* CatBrowserTests */ = {
			isa = PBXNativeTarget;
			buildConfigurationList = 603B2EE42D513ADD002A53F8 /* Build configuration list for PBXNativeTarget "CatBrowserTests" */;
			buildPhases = (
				603B2EC92D513ADD002A53F8 /* Sources */,
				603B2ECA2D513ADD002A53F8 /* Frameworks */,
				603B2ECB2D513ADD002A53F8 /* Resources */,
			);
			buildRules = (
			);
			dependencies = (
				603B2ECF2D513ADD002A53F8 /* PBXTargetDependency */,
			);
			name = CatBrowserTests;
			packageProductDependencies = (
			);
			productName = CatBrowserTests;
			productReference = 603B2ECD2D513ADD002A53F8 /* CatBrowserTests.xctest */;
			productType = "com.apple.product-type.bundle.unit-test";
		};
		603B2ED62D513ADD002A53F8 /* CatBrowserUITests */ = {
			isa = PBXNativeTarget;
			buildConfigurationList = 603B2EE72D513ADD002A53F8 /* Build configuration list for PBXNativeTarget "CatBrowserUITests" */;
			buildPhases = (
				603B2ED32D513ADD002A53F8 /* Sources */,
				603B2ED42D513ADD002A53F8 /* Frameworks */,
				603B2ED52D513ADD002A53F8 /* Resources */,
			);
			buildRules = (
			);
			dependencies = (
				603B2ED92D513ADD002A53F8 /* PBXTargetDependency */,
			);
			name = CatBrowserUITests;
			packageProductDependencies = (
			);
			productName = CatBrowserUITests;
			productReference = 603B2ED72D513ADD002A53F8 /* CatBrowserUITests.xctest */;
			productType = "com.apple.product-type.bundle.ui-testing";
		};
/* End PBXNativeTarget section */

/* Begin PBXProject section */
		603B2EB52D513ADB002A53F8 /* Project object */ = {
			isa = PBXProject;
			attributes = {
				BuildIndependentTargetsInParallel = 1;
				LastSwiftUpdateCheck = 1600;
				LastUpgradeCheck = 1600;
				TargetAttributes = {
					603B2EBC2D513ADB002A53F8 = {
						CreatedOnToolsVersion = 16.0;
					};
					603B2ECC2D513ADD002A53F8 = {
						CreatedOnToolsVersion = 16.0;
						TestTargetID = 603B2EBC2D513ADB002A53F8;
					};
					603B2ED62D513ADD002A53F8 = {
						CreatedOnToolsVersion = 16.0;
						TestTargetID = 603B2EBC2D513ADB002A53F8;
					};
				};
			};
			buildConfigurationList = 603B2EB82D513ADB002A53F8 /* Build configuration list for PBXProject "CatBrowser" */;
			developmentRegion = en;
			hasScannedForEncodings = 0;
			knownRegions = (
				en,
				Base,
			);
			mainGroup = 603B2EB42D513ADB002A53F8;
			minimizedProjectReferenceProxies = 1;
			preferredProjectObjectVersion = 77;
			productRefGroup = 603B2EBE2D513ADB002A53F8 /* Products */;
			projectDirPath = "";
			projectRoot = "";
			targets = (
				603B2EBC2D513ADB002A53F8 /* CatBrowser */,
				603B2ECC2D513ADD002A53F8 /* CatBrowserTests */,
				603B2ED62D513ADD002A53F8 /* CatBrowserUITests */,
			);
		};
/* End PBXProject section */

/* Begin PBXResourcesBuildPhase section */
		603B2EBB2D513ADB002A53F8 /* Resources */ = {
			isa = PBXResourcesBuildPhase;
			buildActionMask = 2147483647;
			files = (
			);
			runOnlyForDeploymentPostprocessing = 0;
		};
		603B2ECB2D513ADD002A53F8 /* Resources */ = {
			isa = PBXResourcesBuildPhase;
			buildActionMask = 2147483647;
			files = (
			);
			runOnlyForDeploymentPostprocessing = 0;
		};
		603B2ED52D513ADD002A53F8 /* Resources */ = {
			isa = PBXResourcesBuildPhase;
			buildActionMask = 2147483647;
			files = (
			);
			runOnlyForDeploymentPostprocessing = 0;
		};
/* End PBXResourcesBuildPhase section */

/* Begin PBXSourcesBuildPhase section */
		603B2EB92D513ADB002A53F8 /* Sources */ = {
			isa = PBXSourcesBuildPhase;
			buildActionMask = 2147483647;
			files = (
			);
			runOnlyForDeploymentPostprocessing = 0;
		};
		603B2EC92D513ADD002A53F8 /* Sources */ = {
			isa = PBXSourcesBuildPhase;
			buildActionMask = 2147483647;
			files = (
				606134202D5140B70092E333 /* XCTest.framework in Sources */,
			);
			runOnlyForDeploymentPostprocessing = 0;
		};
		603B2ED32D513ADD002A53F8 /* Sources */ = {
			isa = PBXSourcesBuildPhase;
			buildActionMask = 2147483647;
			files = (
				606134232D5140DD0092E333 /* XCTest.framework in Sources */,
			);
			runOnlyForDeploymentPostprocessing = 0;
		};
/* End PBXSourcesBuildPhase section */

/* Begin PBXTargetDependency section */
		603B2ECF2D513ADD002A53F8 /* PBXTargetDependency */ = {
			isa = PBXTargetDependency;
			target = 603B2EBC2D513ADB002A53F8 /* CatBrowser */;
			targetProxy = 603B2ECE2D513ADD002A53F8 /* PBXContainerItemProxy */;
		};
		603B2ED92D513ADD002A53F8 /* PBXTargetDependency */ = {
			isa = PBXTargetDependency;
			target = 603B2EBC2D513ADB002A53F8 /* CatBrowser */;
			targetProxy = 603B2ED82D513ADD002A53F8 /* PBXContainerItemProxy */;
		};
/* End PBXTargetDependency section */

/* Begin XCBuildConfiguration section */
		603B2EDF2D513ADD002A53F8 /* Debug */ = {
			isa = XCBuildConfiguration;
			buildSettings = {
				ALWAYS_SEARCH_USER_PATHS = NO;
				ASSETCATALOG_COMPILER_GENERATE_SWIFT_ASSET_SYMBOL_EXTENSIONS = YES;
				CLANG_ANALYZER_NONNULL = YES;
				CLANG_ANALYZER_NUMBER_OBJECT_CONVERSION = YES_AGGRESSIVE;
				CLANG_CXX_LANGUAGE_STANDARD = "gnu++20";
				CLANG_ENABLE_MODULES = YES;
				CLANG_ENABLE_OBJC_ARC = YES;
				CLANG_ENABLE_OBJC_WEAK = YES;
				CLANG_WARN_BLOCK_CAPTURE_AUTORELEASING = YES;
				CLANG_WARN_BOOL_CONVERSION = YES;
				CLANG_WARN_COMMA = YES;
				CLANG_WARN_CONSTANT_CONVERSION = YES;
				CLANG_WARN_DEPRECATED_OBJC_IMPLEMENTATIONS = YES;
				CLANG_WARN_DIRECT_OBJC_ISA_USAGE = YES_ERROR;
				CLANG_WARN_DOCUMENTATION_COMMENTS = YES;
				CLANG_WARN_EMPTY_BODY = YES;
				CLANG_WARN_ENUM_CONVERSION = YES;
				CLANG_WARN_INFINITE_RECURSION = YES;
				CLANG_WARN_INT_CONVERSION = YES;
				CLANG_WARN_NON_LITERAL_NULL_CONVERSION = YES;
				CLANG_WARN_OBJC_IMPLICIT_RETAIN_SELF = YES;
				CLANG_WARN_OBJC_LITERAL_CONVERSION = YES;
				CLANG_WARN_OBJC_ROOT_CLASS = YES_ERROR;
				CLANG_WARN_QUOTED_INCLUDE_IN_FRAMEWORK_HEADER = YES;
				CLANG_WARN_RANGE_LOOP_ANALYSIS = YES;
				CLANG_WARN_STRICT_PROTOTYPES = YES;
				CLANG_WARN_SUSPICIOUS_MOVE = YES;
				CLANG_WARN_UNGUARDED_AVAILABILITY = YES_AGGRESSIVE;
				CLANG_WARN_UNREACHABLE_CODE = YES;
				CLANG_WARN__DUPLICATE_METHOD_MATCH = YES;
				COPY_PHASE_STRIP = NO;
				DEBUG_INFORMATION_FORMAT = dwarf;
				ENABLE_STRICT_OBJC_MSGSEND = YES;
				ENABLE_TESTABILITY = YES;
				ENABLE_USER_SCRIPT_SANDBOXING = YES;
				GCC_C_LANGUAGE_STANDARD = gnu17;
				GCC_DYNAMIC_NO_PIC = NO;
				GCC_NO_COMMON_BLOCKS = YES;
				GCC_OPTIMIZATION_LEVEL = 0;
				GCC_PREPROCESSOR_DEFINITIONS = (
					"DEBUG=1",
					"$(inherited)",
				);
				GCC_WARN_64_TO_32_BIT_CONVERSION = YES;
				GCC_WARN_ABOUT_RETURN_TYPE = YES_ERROR;
				GCC_WARN_UNDECLARED_SELECTOR = YES;
				GCC_WARN_UNINITIALIZED_AUTOS = YES_AGGRESSIVE;
				GCC_WARN_UNUSED_FUNCTION = YES;
				GCC_WARN_UNUSED_VARIABLE = YES;
				IPHONEOS_DEPLOYMENT_TARGET = 18.0;
				LOCALIZATION_PREFERS_STRING_CATALOGS = YES;
				MTL_ENABLE_DEBUG_INFO = INCLUDE_SOURCE;
				MTL_FAST_MATH = YES;
				ONLY_ACTIVE_ARCH = YES;
				SDKROOT = iphoneos;
				SWIFT_ACTIVE_COMPILATION_CONDITIONS = "DEBUG $(inherited)";
				SWIFT_OPTIMIZATION_LEVEL = "-Onone";
			};
			name = Debug;
		};
		603B2EE02D513ADD002A53F8 /* Release */ = {
			isa = XCBuildConfiguration;
			buildSettings = {
				ALWAYS_SEARCH_USER_PATHS = NO;
				ASSETCATALOG_COMPILER_GENERATE_SWIFT_ASSET_SYMBOL_EXTENSIONS = YES;
				CLANG_ANALYZER_NONNULL = YES;
				CLANG_ANALYZER_NUMBER_OBJECT_CONVERSION = YES_AGGRESSIVE;
				CLANG_CXX_LANGUAGE_STANDARD = "gnu++20";
				CLANG_ENABLE_MODULES = YES;
				CLANG_ENABLE_OBJC_ARC = YES;
				CLANG_ENABLE_OBJC_WEAK = YES;
				CLANG_WARN_BLOCK_CAPTURE_AUTORELEASING = YES;
				CLANG_WARN_BOOL_CONVERSION = YES;
				CLANG_WARN_COMMA = YES;
				CLANG_WARN_CONSTANT_CONVERSION = YES;
				CLANG_WARN_DEPRECATED_OBJC_IMPLEMENTATIONS = YES;
				CLANG_WARN_DIRECT_OBJC_ISA_USAGE = YES_ERROR;
				CLANG_WARN_DOCUMENTATION_COMMENTS = YES;
				CLANG_WARN_EMPTY_BODY = YES;
				CLANG_WARN_ENUM_CONVERSION = YES;
				CLANG_WARN_INFINITE_RECURSION = YES;
				CLANG_WARN_INT_CONVERSION = YES;
				CLANG_WARN_NON_LITERAL_NULL_CONVERSION = YES;
				CLANG_WARN_OBJC_IMPLICIT_RETAIN_SELF = YES;
				CLANG_WARN_OBJC_LITERAL_CONVERSION = YES;
				CLANG_WARN_OBJC_ROOT_CLASS = YES_ERROR;
				CLANG_WARN_QUOTED_INCLUDE_IN_FRAMEWORK_HEADER = YES;
				CLANG_WARN_RANGE_LOOP_ANALYSIS = YES;
				CLANG_WARN_STRICT_PROTOTYPES = YES;
				CLANG_WARN_SUSPICIOUS_MOVE = YES;
				CLANG_WARN_UNGUARDED_AVAILABILITY = YES_AGGRESSIVE;
				CLANG_WARN_UNREACHABLE_CODE = YES;
				CLANG_WARN__DUPLICATE_METHOD_MATCH = YES;
				COPY_PHASE_STRIP = NO;
				DEBUG_INFORMATION_FORMAT = "dwarf-with-dsym";
				ENABLE_NS_ASSERTIONS = NO;
				ENABLE_STRICT_OBJC_MSGSEND = YES;
				ENABLE_USER_SCRIPT_SANDBOXING = YES;
				GCC_C_LANGUAGE_STANDARD = gnu17;
				GCC_NO_COMMON_BLOCKS = YES;
				GCC_WARN_64_TO_32_BIT_CONVERSION = YES;
				GCC_WARN_ABOUT_RETURN_TYPE = YES_ERROR;
				GCC_WARN_UNDECLARED_SELECTOR = YES;
				GCC_WARN_UNINITIALIZED_AUTOS = YES_AGGRESSIVE;
				GCC_WARN_UNUSED_FUNCTION = YES;
				GCC_WARN_UNUSED_VARIABLE = YES;
				IPHONEOS_DEPLOYMENT_TARGET = 18.0;
				LOCALIZATION_PREFERS_STRING_CATALOGS = YES;
				MTL_ENABLE_DEBUG_INFO = NO;
				MTL_FAST_MATH = YES;
				SDKROOT = iphoneos;
				SWIFT_COMPILATION_MODE = wholemodule;
				VALIDATE_PRODUCT = YES;
			};
			name = Release;
		};
		603B2EE22D513ADD002A53F8 /* Debug */ = {
			isa = XCBuildConfiguration;
			buildSettings = {
				ASSETCATALOG_COMPILER_APPICON_NAME = AppIcon;
				ASSETCATALOG_COMPILER_GLOBAL_ACCENT_COLOR_NAME = AccentColor;
				CODE_SIGN_STYLE = Automatic;
				CURRENT_PROJECT_VERSION = 1;
				DEVELOPMENT_ASSET_PATHS = "\"CatBrowser/Preview Content\"";
				DEVELOPMENT_TEAM = BCSX7QHVMH;
				ENABLE_PREVIEWS = YES;
				GENERATE_INFOPLIST_FILE = YES;
				INFOPLIST_KEY_UIApplicationSceneManifest_Generation = YES;
				INFOPLIST_KEY_UIApplicationSupportsIndirectInputEvents = YES;
				INFOPLIST_KEY_UILaunchScreen_Generation = YES;
				INFOPLIST_KEY_UISupportedInterfaceOrientations_iPad = "UIInterfaceOrientationPortrait UIInterfaceOrientationPortraitUpsideDown UIInterfaceOrientationLandscapeLeft UIInterfaceOrientationLandscapeRight";
				INFOPLIST_KEY_UISupportedInterfaceOrientations_iPhone = "UIInterfaceOrientationPortrait UIInterfaceOrientationLandscapeLeft UIInterfaceOrientationLandscapeRight";
				LD_RUNPATH_SEARCH_PATHS = (
					"$(inherited)",
					"@executable_path/Frameworks",
				);
				MARKETING_VERSION = 1.0;
				PRODUCT_BUNDLE_IDENTIFIER = com.riyad.CatBrowser;
				PRODUCT_NAME = "$(TARGET_NAME)";
				SWIFT_EMIT_LOC_STRINGS = YES;
				SWIFT_VERSION = 5.0;
				TARGETED_DEVICE_FAMILY = "1,2";
			};
			name = Debug;
		};
		603B2EE32D513ADD002A53F8 /* Release */ = {
			isa = XCBuildConfiguration;
			buildSettings = {
				ASSETCATALOG_COMPILER_APPICON_NAME = AppIcon;
				ASSETCATALOG_COMPILER_GLOBAL_ACCENT_COLOR_NAME = AccentColor;
				CODE_SIGN_STYLE = Automatic;
				CURRENT_PROJECT_VERSION = 1;
				DEVELOPMENT_ASSET_PATHS = "\"CatBrowser/Preview Content\"";
				DEVELOPMENT_TEAM = BCSX7QHVMH;
				ENABLE_PREVIEWS = YES;
				GENERATE_INFOPLIST_FILE = YES;
				INFOPLIST_KEY_UIApplicationSceneManifest_Generation = YES;
				INFOPLIST_KEY_UIApplicationSupportsIndirectInputEvents = YES;
				INFOPLIST_KEY_UILaunchScreen_Generation = YES;
				INFOPLIST_KEY_UISupportedInterfaceOrientations_iPad = "UIInterfaceOrientationPortrait UIInterfaceOrientationPortraitUpsideDown UIInterfaceOrientationLandscapeLeft UIInterfaceOrientationLandscapeRight";
				INFOPLIST_KEY_UISupportedInterfaceOrientations_iPhone = "UIInterfaceOrientationPortrait UIInterfaceOrientationLandscapeLeft UIInterfaceOrientationLandscapeRight";
				LD_RUNPATH_SEARCH_PATHS = (
					"$(inherited)",
					"@executable_path/Frameworks",
				);
				MARKETING_VERSION = 1.0;
				PRODUCT_BUNDLE_IDENTIFIER = com.riyad.CatBrowser;
				PRODUCT_NAME = "$(TARGET_NAME)";
				SWIFT_EMIT_LOC_STRINGS = YES;
				SWIFT_VERSION = 5.0;
				TARGETED_DEVICE_FAMILY = "1,2";
			};
			name = Release;
		};
		603B2EE52D513ADD002A53F8 /* Debug */ = {
			isa = XCBuildConfiguration;
			buildSettings = {
				BUNDLE_LOADER = "$(TEST_HOST)";
				CODE_SIGN_STYLE = Automatic;
				CURRENT_PROJECT_VERSION = 1;
				DEVELOPMENT_TEAM = BCSX7QHVMH;
				GENERATE_INFOPLIST_FILE = YES;
				IPHONEOS_DEPLOYMENT_TARGET = 18.0;
				MARKETING_VERSION = 1.0;
				PRODUCT_BUNDLE_IDENTIFIER = com.riyad.CatBrowserTests;
				PRODUCT_NAME = "$(TARGET_NAME)";
				SWIFT_EMIT_LOC_STRINGS = NO;
				SWIFT_VERSION = 5.0;
				TARGETED_DEVICE_FAMILY = "1,2";
				TEST_HOST = "$(BUILT_PRODUCTS_DIR)/CatBrowser.app/$(BUNDLE_EXECUTABLE_FOLDER_PATH)/CatBrowser";
			};
			name = Debug;
		};
		603B2EE62D513ADD002A53F8 /* Release */ = {
			isa = XCBuildConfiguration;
			buildSettings = {
				BUNDLE_LOADER = "$(TEST_HOST)";
				CODE_SIGN_STYLE = Automatic;
				CURRENT_PROJECT_VERSION = 1;
				DEVELOPMENT_TEAM = BCSX7QHVMH;
				GENERATE_INFOPLIST_FILE = YES;
				IPHONEOS_DEPLOYMENT_TARGET = 18.0;
				MARKETING_VERSION = 1.0;
				PRODUCT_BUNDLE_IDENTIFIER = com.riyad.CatBrowserTests;
				PRODUCT_NAME = "$(TARGET_NAME)";
				SWIFT_EMIT_LOC_STRINGS = NO;
				SWIFT_VERSION = 5.0;
				TARGETED_DEVICE_FAMILY = "1,2";
				TEST_HOST = "$(BUILT_PRODUCTS_DIR)/CatBrowser.app/$(BUNDLE_EXECUTABLE_FOLDER_PATH)/CatBrowser";
			};
			name = Release;
		};
		603B2EE82D513ADD002A53F8 /* Debug */ = {
			isa = XCBuildConfiguration;
			buildSettings = {
				CODE_SIGN_STYLE = Automatic;
				CURRENT_PROJECT_VERSION = 1;
				DEVELOPMENT_TEAM = BCSX7QHVMH;
				GENERATE_INFOPLIST_FILE = YES;
				MARKETING_VERSION = 1.0;
				PRODUCT_BUNDLE_IDENTIFIER = com.riyad.CatBrowserUITests;
				PRODUCT_NAME = "$(TARGET_NAME)";
				SWIFT_EMIT_LOC_STRINGS = NO;
				SWIFT_VERSION = 5.0;
				TARGETED_DEVICE_FAMILY = "1,2";
				TEST_TARGET_NAME = CatBrowser;
			};
			name = Debug;
		};
		603B2EE92D513ADD002A53F8 /* Release */ = {
			isa = XCBuildConfiguration;
			buildSettings = {
				CODE_SIGN_STYLE = Automatic;
				CURRENT_PROJECT_VERSION = 1;
				DEVELOPMENT_TEAM = BCSX7QHVMH;
				GENERATE_INFOPLIST_FILE = YES;
				MARKETING_VERSION = 1.0;
				PRODUCT_BUNDLE_IDENTIFIER = com.riyad.CatBrowserUITests;
				PRODUCT_NAME = "$(TARGET_NAME)";
				SWIFT_EMIT_LOC_STRINGS = NO;
				SWIFT_VERSION = 5.0;
				TARGETED_DEVICE_FAMILY = "1,2";
				TEST_TARGET_NAME = CatBrowser;
			};
			name = Release;
		};
/* End XCBuildConfiguration section */

/* Begin XCConfigurationList section */
		603B2EB82D513ADB002A53F8 /* Build configuration list for PBXProject "CatBrowser" */ = {
			isa = XCConfigurationList;
			buildConfigurations = (
				603B2EDF2D513ADD002A53F8 /* Debug */,
				603B2EE02D513ADD002A53F8 /* Release */,
			);
			defaultConfigurationIsVisible = 0;
			defaultConfigurationName = Release;
		};
		603B2EE12D513ADD002A53F8 /* Build configuration list for PBXNativeTarget "CatBrowser" */ = {
			isa = XCConfigurationList;
			buildConfigurations = (
				603B2EE22D513ADD002A53F8 /* Debug */,
				603B2EE32D513ADD002A53F8 /* Release */,
			);
			defaultConfigurationIsVisible = 0;
			defaultConfigurationName = Release;
		};
		603B2EE42D513ADD002A53F8 /* Build configuration list for PBXNativeTarget "CatBrowserTests" */ = {
			isa = XCConfigurationList;
			buildConfigurations = (
				603B2EE52D513ADD002A53F8 /* Debug */,
				603B2EE62D513ADD002A53F8 /* Release */,
			);
			defaultConfigurationIsVisible = 0;
			defaultConfigurationName = Release;
		};
		603B2EE72D513ADD002A53F8 /* Build configuration list for PBXNativeTarget "CatBrowserUITests" */ = {
			isa = XCConfigurationList;
			buildConfigurations = (
				603B2EE82D513ADD002A53F8 /* Debug */,
				603B2EE92D513ADD002A53F8 /* Release */,
			);
			defaultConfigurationIsVisible = 0;
			defaultConfigurationName = Release;
		};
/* End XCConfigurationList section */
	};
	rootObject = 603B2EB52D513ADB002A53F8 /* Project object */;
}
